<?xml version="1.0" encoding="UTF-8"?>
<CodeBlocks_project_file>
	<FileVersion major="1" minor="6"/>
	<Project>
		<Option title="Micromachines"/>
		<Option makefile_is_custom="1"/>
		<Option compiler="gcc"/>
		<Option virtualFolders="CMake Files\;CMake Files\src\;CMake Files\src\3rd-party\;CMake Files\src\3rd-party\Box2D\;CMake Files\src\3rd-party\lua\;CMake Files\src\cliente\;CMake Files\src\servidor\;"/>
		<Build>
			<Target title="all">
				<Option working_dir="/home/jorge/Taller/micromachines"/>
				<Option type="4"/>
				<MakeCommands>
					<Build command="/usr/bin/make -f &quot;/home/jorge/Taller/micromachines/Makefile&quot;  VERBOSE=1 all"/>
					<CompileFile command="/usr/bin/make -f &quot;/home/jorge/Taller/micromachines/Makefile&quot;  VERBOSE=1 &quot;$file&quot;"/>
					<Clean command="/usr/bin/make -f &quot;/home/jorge/Taller/micromachines/Makefile&quot;  VERBOSE=1 clean"/>
					<DistClean command="/usr/bin/make -f &quot;/home/jorge/Taller/micromachines/Makefile&quot;  VERBOSE=1 clean"/>
				</MakeCommands>
			</Target>
			<Target title="install/strip">
				<Option working_dir="/home/jorge/Taller/micromachines"/>
				<Option type="4"/>
				<MakeCommands>
					<Build command="/usr/bin/make -f &quot;/home/jorge/Taller/micromachines/Makefile&quot;  VERBOSE=1 install/strip"/>
					<CompileFile command="/usr/bin/make -f &quot;/home/jorge/Taller/micromachines/Makefile&quot;  VERBOSE=1 &quot;$file&quot;"/>
					<Clean command="/usr/bin/make -f &quot;/home/jorge/Taller/micromachines/Makefile&quot;  VERBOSE=1 clean"/>
					<DistClean command="/usr/bin/make -f &quot;/home/jorge/Taller/micromachines/Makefile&quot;  VERBOSE=1 clean"/>
				</MakeCommands>
			</Target>
			<Target title="install">
				<Option working_dir="/home/jorge/Taller/micromachines"/>
				<Option type="4"/>
				<MakeCommands>
					<Build command="/usr/bin/make -f &quot;/home/jorge/Taller/micromachines/Makefile&quot;  VERBOSE=1 install"/>
					<CompileFile command="/usr/bin/make -f &quot;/home/jorge/Taller/micromachines/Makefile&quot;  VERBOSE=1 &quot;$file&quot;"/>
					<Clean command="/usr/bin/make -f &quot;/home/jorge/Taller/micromachines/Makefile&quot;  VERBOSE=1 clean"/>
					<DistClean command="/usr/bin/make -f &quot;/home/jorge/Taller/micromachines/Makefile&quot;  VERBOSE=1 clean"/>
				</MakeCommands>
			</Target>
			<Target title="install/local">
				<Option working_dir="/home/jorge/Taller/micromachines"/>
				<Option type="4"/>
				<MakeCommands>
					<Build command="/usr/bin/make -f &quot;/home/jorge/Taller/micromachines/Makefile&quot;  VERBOSE=1 install/local"/>
					<CompileFile command="/usr/bin/make -f &quot;/home/jorge/Taller/micromachines/Makefile&quot;  VERBOSE=1 &quot;$file&quot;"/>
					<Clean command="/usr/bin/make -f &quot;/home/jorge/Taller/micromachines/Makefile&quot;  VERBOSE=1 clean"/>
					<DistClean command="/usr/bin/make -f &quot;/home/jorge/Taller/micromachines/Makefile&quot;  VERBOSE=1 clean"/>
				</MakeCommands>
			</Target>
			<Target title="list_install_components">
				<Option working_dir="/home/jorge/Taller/micromachines"/>
				<Option type="4"/>
				<MakeCommands>
					<Build command="/usr/bin/make -f &quot;/home/jorge/Taller/micromachines/Makefile&quot;  VERBOSE=1 list_install_components"/>
					<CompileFile command="/usr/bin/make -f &quot;/home/jorge/Taller/micromachines/Makefile&quot;  VERBOSE=1 &quot;$file&quot;"/>
					<Clean command="/usr/bin/make -f &quot;/home/jorge/Taller/micromachines/Makefile&quot;  VERBOSE=1 clean"/>
					<DistClean command="/usr/bin/make -f &quot;/home/jorge/Taller/micromachines/Makefile&quot;  VERBOSE=1 clean"/>
				</MakeCommands>
			</Target>
			<Target title="edit_cache">
				<Option working_dir="/home/jorge/Taller/micromachines"/>
				<Option type="4"/>
				<MakeCommands>
					<Build command="/usr/bin/make -f &quot;/home/jorge/Taller/micromachines/Makefile&quot;  VERBOSE=1 edit_cache"/>
					<CompileFile command="/usr/bin/make -f &quot;/home/jorge/Taller/micromachines/Makefile&quot;  VERBOSE=1 &quot;$file&quot;"/>
					<Clean command="/usr/bin/make -f &quot;/home/jorge/Taller/micromachines/Makefile&quot;  VERBOSE=1 clean"/>
					<DistClean command="/usr/bin/make -f &quot;/home/jorge/Taller/micromachines/Makefile&quot;  VERBOSE=1 clean"/>
				</MakeCommands>
			</Target>
			<Target title="rebuild_cache">
				<Option working_dir="/home/jorge/Taller/micromachines"/>
				<Option type="4"/>
				<MakeCommands>
					<Build command="/usr/bin/make -f &quot;/home/jorge/Taller/micromachines/Makefile&quot;  VERBOSE=1 rebuild_cache"/>
					<CompileFile command="/usr/bin/make -f &quot;/home/jorge/Taller/micromachines/Makefile&quot;  VERBOSE=1 &quot;$file&quot;"/>
					<Clean command="/usr/bin/make -f &quot;/home/jorge/Taller/micromachines/Makefile&quot;  VERBOSE=1 clean"/>
					<DistClean command="/usr/bin/make -f &quot;/home/jorge/Taller/micromachines/Makefile&quot;  VERBOSE=1 clean"/>
				</MakeCommands>
			</Target>
			<Target title="Cliente">
				<Option output="/home/jorge/Taller/micromachines/src/Cliente" prefix_auto="0" extension_auto="0"/>
				<Option working_dir="/home/jorge/Taller/micromachines/src"/>
				<Option object_output="./"/>
				<Option type="1"/>
				<Option compiler="gcc"/>
				<Compiler>
					<Add directory="/home/jorge/Taller/micromachines/includes/servidor"/>
					<Add directory="/usr/include/lua5.3"/>
					<Add directory="/home/jorge/Taller/micromachines"/>
					<Add directory="/home/jorge/Taller/micromachines/includes/3rd-party"/>
				</Compiler>
				<MakeCommands>
					<Build command="/usr/bin/make -f &quot;/home/jorge/Taller/micromachines/src/Makefile&quot;  VERBOSE=1 Cliente"/>
					<CompileFile command="/usr/bin/make -f &quot;/home/jorge/Taller/micromachines/src/Makefile&quot;  VERBOSE=1 &quot;$file&quot;"/>
					<Clean command="/usr/bin/make -f &quot;/home/jorge/Taller/micromachines/src/Makefile&quot;  VERBOSE=1 clean"/>
					<DistClean command="/usr/bin/make -f &quot;/home/jorge/Taller/micromachines/src/Makefile&quot;  VERBOSE=1 clean"/>
				</MakeCommands>
			</Target>
			<Target title="Cliente/fast">
				<Option output="/home/jorge/Taller/micromachines/src/Cliente" prefix_auto="0" extension_auto="0"/>
				<Option working_dir="/home/jorge/Taller/micromachines/src"/>
				<Option object_output="./"/>
				<Option type="1"/>
				<Option compiler="gcc"/>
				<Compiler>
					<Add directory="/home/jorge/Taller/micromachines/includes/servidor"/>
					<Add directory="/usr/include/lua5.3"/>
					<Add directory="/home/jorge/Taller/micromachines"/>
					<Add directory="/home/jorge/Taller/micromachines/includes/3rd-party"/>
				</Compiler>
				<MakeCommands>
					<Build command="/usr/bin/make -f &quot;/home/jorge/Taller/micromachines/src/Makefile&quot;  VERBOSE=1 Cliente/fast"/>
					<CompileFile command="/usr/bin/make -f &quot;/home/jorge/Taller/micromachines/src/Makefile&quot;  VERBOSE=1 &quot;$file&quot;"/>
					<Clean command="/usr/bin/make -f &quot;/home/jorge/Taller/micromachines/src/Makefile&quot;  VERBOSE=1 clean"/>
					<DistClean command="/usr/bin/make -f &quot;/home/jorge/Taller/micromachines/src/Makefile&quot;  VERBOSE=1 clean"/>
				</MakeCommands>
			</Target>
			<Target title="Servidor">
				<Option output="/home/jorge/Taller/micromachines/src/Servidor" prefix_auto="0" extension_auto="0"/>
				<Option working_dir="/home/jorge/Taller/micromachines/src"/>
				<Option object_output="./"/>
				<Option type="1"/>
				<Option compiler="gcc"/>
				<Compiler>
					<Add directory="/home/jorge/Taller/micromachines/includes/servidor"/>
					<Add directory="/usr/include/lua5.3"/>
					<Add directory="/home/jorge/Taller/micromachines"/>
					<Add directory="/home/jorge/Taller/micromachines/includes/3rd-party"/>
				</Compiler>
				<MakeCommands>
					<Build command="/usr/bin/make -f &quot;/home/jorge/Taller/micromachines/src/Makefile&quot;  VERBOSE=1 Servidor"/>
					<CompileFile command="/usr/bin/make -f &quot;/home/jorge/Taller/micromachines/src/Makefile&quot;  VERBOSE=1 &quot;$file&quot;"/>
					<Clean command="/usr/bin/make -f &quot;/home/jorge/Taller/micromachines/src/Makefile&quot;  VERBOSE=1 clean"/>
					<DistClean command="/usr/bin/make -f &quot;/home/jorge/Taller/micromachines/src/Makefile&quot;  VERBOSE=1 clean"/>
				</MakeCommands>
			</Target>
			<Target title="Servidor/fast">
				<Option output="/home/jorge/Taller/micromachines/src/Servidor" prefix_auto="0" extension_auto="0"/>
				<Option working_dir="/home/jorge/Taller/micromachines/src"/>
				<Option object_output="./"/>
				<Option type="1"/>
				<Option compiler="gcc"/>
				<Compiler>
					<Add directory="/home/jorge/Taller/micromachines/includes/servidor"/>
					<Add directory="/usr/include/lua5.3"/>
					<Add directory="/home/jorge/Taller/micromachines"/>
					<Add directory="/home/jorge/Taller/micromachines/includes/3rd-party"/>
				</Compiler>
				<MakeCommands>
					<Build command="/usr/bin/make -f &quot;/home/jorge/Taller/micromachines/src/Makefile&quot;  VERBOSE=1 Servidor/fast"/>
					<CompileFile command="/usr/bin/make -f &quot;/home/jorge/Taller/micromachines/src/Makefile&quot;  VERBOSE=1 &quot;$file&quot;"/>
					<Clean command="/usr/bin/make -f &quot;/home/jorge/Taller/micromachines/src/Makefile&quot;  VERBOSE=1 clean"/>
					<DistClean command="/usr/bin/make -f &quot;/home/jorge/Taller/micromachines/src/Makefile&quot;  VERBOSE=1 clean"/>
				</MakeCommands>
			</Target>
			<Target title="Box2D">
				<Option output="/home/jorge/Taller/micromachines/src/3rd-party/Box2D/libBox2D.a" prefix_auto="0" extension_auto="0"/>
				<Option working_dir="/home/jorge/Taller/micromachines/src/3rd-party/Box2D"/>
				<Option object_output="./"/>
				<Option type="2"/>
				<Option compiler="gcc"/>
				<Compiler>
					<Add directory="/home/jorge/Taller/micromachines/includes/servidor"/>
					<Add directory="/usr/include/lua5.3"/>
					<Add directory="/home/jorge/Taller/micromachines/includes/3rd-party"/>
				</Compiler>
				<MakeCommands>
					<Build command="/usr/bin/make -f &quot;/home/jorge/Taller/micromachines/src/3rd-party/Box2D/Makefile&quot;  VERBOSE=1 Box2D"/>
					<CompileFile command="/usr/bin/make -f &quot;/home/jorge/Taller/micromachines/src/3rd-party/Box2D/Makefile&quot;  VERBOSE=1 &quot;$file&quot;"/>
					<Clean command="/usr/bin/make -f &quot;/home/jorge/Taller/micromachines/src/3rd-party/Box2D/Makefile&quot;  VERBOSE=1 clean"/>
					<DistClean command="/usr/bin/make -f &quot;/home/jorge/Taller/micromachines/src/3rd-party/Box2D/Makefile&quot;  VERBOSE=1 clean"/>
				</MakeCommands>
			</Target>
			<Target title="Box2D/fast">
				<Option output="/home/jorge/Taller/micromachines/src/3rd-party/Box2D/libBox2D.a" prefix_auto="0" extension_auto="0"/>
				<Option working_dir="/home/jorge/Taller/micromachines/src/3rd-party/Box2D"/>
				<Option object_output="./"/>
				<Option type="2"/>
				<Option compiler="gcc"/>
				<Compiler>
					<Add directory="/home/jorge/Taller/micromachines/includes/servidor"/>
					<Add directory="/usr/include/lua5.3"/>
					<Add directory="/home/jorge/Taller/micromachines/includes/3rd-party"/>
				</Compiler>
				<MakeCommands>
					<Build command="/usr/bin/make -f &quot;/home/jorge/Taller/micromachines/src/3rd-party/Box2D/Makefile&quot;  VERBOSE=1 Box2D/fast"/>
					<CompileFile command="/usr/bin/make -f &quot;/home/jorge/Taller/micromachines/src/3rd-party/Box2D/Makefile&quot;  VERBOSE=1 &quot;$file&quot;"/>
					<Clean command="/usr/bin/make -f &quot;/home/jorge/Taller/micromachines/src/3rd-party/Box2D/Makefile&quot;  VERBOSE=1 clean"/>
					<DistClean command="/usr/bin/make -f &quot;/home/jorge/Taller/micromachines/src/3rd-party/Box2D/Makefile&quot;  VERBOSE=1 clean"/>
				</MakeCommands>
			</Target>
			<Target title="lua_interprete">
				<Option output="/home/jorge/Taller/micromachines/src/3rd-party/lua/liblua_interprete.a" prefix_auto="0" extension_auto="0"/>
				<Option working_dir="/home/jorge/Taller/micromachines/src/3rd-party/lua"/>
				<Option object_output="./"/>
				<Option type="2"/>
				<Option compiler="gcc"/>
				<Compiler>
					<Add directory="/home/jorge/Taller/micromachines/includes/servidor"/>
					<Add directory="/usr/include/lua5.3"/>
					<Add directory="/home/jorge/Taller/micromachines/includes/3rd-party"/>
					<Add directory="/home/jorge/Taller/micromachines"/>
				</Compiler>
				<MakeCommands>
					<Build command="/usr/bin/make -f &quot;/home/jorge/Taller/micromachines/src/3rd-party/lua/Makefile&quot;  VERBOSE=1 lua_interprete"/>
					<CompileFile command="/usr/bin/make -f &quot;/home/jorge/Taller/micromachines/src/3rd-party/lua/Makefile&quot;  VERBOSE=1 &quot;$file&quot;"/>
					<Clean command="/usr/bin/make -f &quot;/home/jorge/Taller/micromachines/src/3rd-party/lua/Makefile&quot;  VERBOSE=1 clean"/>
					<DistClean command="/usr/bin/make -f &quot;/home/jorge/Taller/micromachines/src/3rd-party/lua/Makefile&quot;  VERBOSE=1 clean"/>
				</MakeCommands>
			</Target>
			<Target title="lua_interprete/fast">
				<Option output="/home/jorge/Taller/micromachines/src/3rd-party/lua/liblua_interprete.a" prefix_auto="0" extension_auto="0"/>
				<Option working_dir="/home/jorge/Taller/micromachines/src/3rd-party/lua"/>
				<Option object_output="./"/>
				<Option type="2"/>
				<Option compiler="gcc"/>
				<Compiler>
					<Add directory="/home/jorge/Taller/micromachines/includes/servidor"/>
					<Add directory="/usr/include/lua5.3"/>
					<Add directory="/home/jorge/Taller/micromachines/includes/3rd-party"/>
					<Add directory="/home/jorge/Taller/micromachines"/>
				</Compiler>
				<MakeCommands>
					<Build command="/usr/bin/make -f &quot;/home/jorge/Taller/micromachines/src/3rd-party/lua/Makefile&quot;  VERBOSE=1 lua_interprete/fast"/>
					<CompileFile command="/usr/bin/make -f &quot;/home/jorge/Taller/micromachines/src/3rd-party/lua/Makefile&quot;  VERBOSE=1 &quot;$file&quot;"/>
					<Clean command="/usr/bin/make -f &quot;/home/jorge/Taller/micromachines/src/3rd-party/lua/Makefile&quot;  VERBOSE=1 clean"/>
					<DistClean command="/usr/bin/make -f &quot;/home/jorge/Taller/micromachines/src/3rd-party/lua/Makefile&quot;  VERBOSE=1 clean"/>
				</MakeCommands>
			</Target>
			<Target title="ServidorCMake">
				<Option output="/home/jorge/Taller/micromachines/src/servidor/libServidorCMake.a" prefix_auto="0" extension_auto="0"/>
				<Option working_dir="/home/jorge/Taller/micromachines/src/servidor"/>
				<Option object_output="./"/>
				<Option type="2"/>
				<Option compiler="gcc"/>
				<Compiler>
					<Add directory="/home/jorge/Taller/micromachines/includes/servidor"/>
					<Add directory="/usr/include/lua5.3"/>
					<Add directory="/home/jorge/Taller/micromachines"/>
					<Add directory="/home/jorge/Taller/micromachines/includes/3rd-party"/>
				</Compiler>
				<MakeCommands>
					<Build command="/usr/bin/make -f &quot;/home/jorge/Taller/micromachines/src/servidor/Makefile&quot;  VERBOSE=1 ServidorCMake"/>
					<CompileFile command="/usr/bin/make -f &quot;/home/jorge/Taller/micromachines/src/servidor/Makefile&quot;  VERBOSE=1 &quot;$file&quot;"/>
					<Clean command="/usr/bin/make -f &quot;/home/jorge/Taller/micromachines/src/servidor/Makefile&quot;  VERBOSE=1 clean"/>
					<DistClean command="/usr/bin/make -f &quot;/home/jorge/Taller/micromachines/src/servidor/Makefile&quot;  VERBOSE=1 clean"/>
				</MakeCommands>
			</Target>
			<Target title="ServidorCMake/fast">
				<Option output="/home/jorge/Taller/micromachines/src/servidor/libServidorCMake.a" prefix_auto="0" extension_auto="0"/>
				<Option working_dir="/home/jorge/Taller/micromachines/src/servidor"/>
				<Option object_output="./"/>
				<Option type="2"/>
				<Option compiler="gcc"/>
				<Compiler>
					<Add directory="/home/jorge/Taller/micromachines/includes/servidor"/>
					<Add directory="/usr/include/lua5.3"/>
					<Add directory="/home/jorge/Taller/micromachines"/>
					<Add directory="/home/jorge/Taller/micromachines/includes/3rd-party"/>
				</Compiler>
				<MakeCommands>
					<Build command="/usr/bin/make -f &quot;/home/jorge/Taller/micromachines/src/servidor/Makefile&quot;  VERBOSE=1 ServidorCMake/fast"/>
					<CompileFile command="/usr/bin/make -f &quot;/home/jorge/Taller/micromachines/src/servidor/Makefile&quot;  VERBOSE=1 &quot;$file&quot;"/>
					<Clean command="/usr/bin/make -f &quot;/home/jorge/Taller/micromachines/src/servidor/Makefile&quot;  VERBOSE=1 clean"/>
					<DistClean command="/usr/bin/make -f &quot;/home/jorge/Taller/micromachines/src/servidor/Makefile&quot;  VERBOSE=1 clean"/>
				</MakeCommands>
			</Target>
			<Target title="ClienteCMake">
				<Option output="/home/jorge/Taller/micromachines/src/cliente/libClienteCMake.a" prefix_auto="0" extension_auto="0"/>
				<Option working_dir="/home/jorge/Taller/micromachines/src/cliente"/>
				<Option object_output="./"/>
				<Option type="2"/>
				<Option compiler="gcc"/>
				<Compiler>
					<Add directory="/home/jorge/Taller/micromachines/includes/servidor"/>
					<Add directory="/usr/include/lua5.3"/>
					<Add directory="/home/jorge/Taller/micromachines"/>
					<Add directory="/home/jorge/Taller/micromachines/includes/3rd-party"/>
				</Compiler>
				<MakeCommands>
					<Build command="/usr/bin/make -f &quot;/home/jorge/Taller/micromachines/src/cliente/Makefile&quot;  VERBOSE=1 ClienteCMake"/>
					<CompileFile command="/usr/bin/make -f &quot;/home/jorge/Taller/micromachines/src/cliente/Makefile&quot;  VERBOSE=1 &quot;$file&quot;"/>
					<Clean command="/usr/bin/make -f &quot;/home/jorge/Taller/micromachines/src/cliente/Makefile&quot;  VERBOSE=1 clean"/>
					<DistClean command="/usr/bin/make -f &quot;/home/jorge/Taller/micromachines/src/cliente/Makefile&quot;  VERBOSE=1 clean"/>
				</MakeCommands>
			</Target>
			<Target title="ClienteCMake/fast">
				<Option output="/home/jorge/Taller/micromachines/src/cliente/libClienteCMake.a" prefix_auto="0" extension_auto="0"/>
				<Option working_dir="/home/jorge/Taller/micromachines/src/cliente"/>
				<Option object_output="./"/>
				<Option type="2"/>
				<Option compiler="gcc"/>
				<Compiler>
					<Add directory="/home/jorge/Taller/micromachines/includes/servidor"/>
					<Add directory="/usr/include/lua5.3"/>
					<Add directory="/home/jorge/Taller/micromachines"/>
					<Add directory="/home/jorge/Taller/micromachines/includes/3rd-party"/>
				</Compiler>
				<MakeCommands>
					<Build command="/usr/bin/make -f &quot;/home/jorge/Taller/micromachines/src/cliente/Makefile&quot;  VERBOSE=1 ClienteCMake/fast"/>
					<CompileFile command="/usr/bin/make -f &quot;/home/jorge/Taller/micromachines/src/cliente/Makefile&quot;  VERBOSE=1 &quot;$file&quot;"/>
					<Clean command="/usr/bin/make -f &quot;/home/jorge/Taller/micromachines/src/cliente/Makefile&quot;  VERBOSE=1 clean"/>
					<DistClean command="/usr/bin/make -f &quot;/home/jorge/Taller/micromachines/src/cliente/Makefile&quot;  VERBOSE=1 clean"/>
				</MakeCommands>
			</Target>
		</Build>
		<Unit filename="/home/jorge/Taller/micromachines/src/3rd-party/Box2D/Box2D/Collision/Shapes/b2ChainShape.cpp">
			<Option target="Box2D"/>
		</Unit>
		<Unit filename="/home/jorge/Taller/micromachines/src/3rd-party/Box2D/Box2D/Collision/Shapes/b2CircleShape.cpp">
			<Option target="Box2D"/>
		</Unit>
		<Unit filename="/home/jorge/Taller/micromachines/src/3rd-party/Box2D/Box2D/Collision/Shapes/b2EdgeShape.cpp">
			<Option target="Box2D"/>
		</Unit>
		<Unit filename="/home/jorge/Taller/micromachines/src/3rd-party/Box2D/Box2D/Collision/Shapes/b2PolygonShape.cpp">
			<Option target="Box2D"/>
		</Unit>
		<Unit filename="/home/jorge/Taller/micromachines/src/3rd-party/Box2D/Box2D/Collision/b2BroadPhase.cpp">
			<Option target="Box2D"/>
		</Unit>
		<Unit filename="/home/jorge/Taller/micromachines/src/3rd-party/Box2D/Box2D/Collision/b2CollideCircle.cpp">
			<Option target="Box2D"/>
		</Unit>
		<Unit filename="/home/jorge/Taller/micromachines/src/3rd-party/Box2D/Box2D/Collision/b2CollideEdge.cpp">
			<Option target="Box2D"/>
		</Unit>
		<Unit filename="/home/jorge/Taller/micromachines/src/3rd-party/Box2D/Box2D/Collision/b2CollidePolygon.cpp">
			<Option target="Box2D"/>
		</Unit>
		<Unit filename="/home/jorge/Taller/micromachines/src/3rd-party/Box2D/Box2D/Collision/b2Collision.cpp">
			<Option target="Box2D"/>
		</Unit>
		<Unit filename="/home/jorge/Taller/micromachines/src/3rd-party/Box2D/Box2D/Collision/b2Distance.cpp">
			<Option target="Box2D"/>
		</Unit>
		<Unit filename="/home/jorge/Taller/micromachines/src/3rd-party/Box2D/Box2D/Collision/b2DynamicTree.cpp">
			<Option target="Box2D"/>
		</Unit>
		<Unit filename="/home/jorge/Taller/micromachines/src/3rd-party/Box2D/Box2D/Collision/b2TimeOfImpact.cpp">
			<Option target="Box2D"/>
		</Unit>
		<Unit filename="/home/jorge/Taller/micromachines/src/3rd-party/Box2D/Box2D/Common/b2BlockAllocator.cpp">
			<Option target="Box2D"/>
		</Unit>
		<Unit filename="/home/jorge/Taller/micromachines/src/3rd-party/Box2D/Box2D/Common/b2Draw.cpp">
			<Option target="Box2D"/>
		</Unit>
		<Unit filename="/home/jorge/Taller/micromachines/src/3rd-party/Box2D/Box2D/Common/b2Math.cpp">
			<Option target="Box2D"/>
		</Unit>
		<Unit filename="/home/jorge/Taller/micromachines/src/3rd-party/Box2D/Box2D/Common/b2Settings.cpp">
			<Option target="Box2D"/>
		</Unit>
		<Unit filename="/home/jorge/Taller/micromachines/src/3rd-party/Box2D/Box2D/Common/b2StackAllocator.cpp">
			<Option target="Box2D"/>
		</Unit>
		<Unit filename="/home/jorge/Taller/micromachines/src/3rd-party/Box2D/Box2D/Common/b2Timer.cpp">
			<Option target="Box2D"/>
		</Unit>
		<Unit filename="/home/jorge/Taller/micromachines/src/3rd-party/Box2D/Box2D/Dynamics/Contacts/b2ChainAndCircleContact.cpp">
			<Option target="Box2D"/>
		</Unit>
		<Unit filename="/home/jorge/Taller/micromachines/src/3rd-party/Box2D/Box2D/Dynamics/Contacts/b2ChainAndPolygonContact.cpp">
			<Option target="Box2D"/>
		</Unit>
		<Unit filename="/home/jorge/Taller/micromachines/src/3rd-party/Box2D/Box2D/Dynamics/Contacts/b2CircleContact.cpp">
			<Option target="Box2D"/>
		</Unit>
		<Unit filename="/home/jorge/Taller/micromachines/src/3rd-party/Box2D/Box2D/Dynamics/Contacts/b2Contact.cpp">
			<Option target="Box2D"/>
		</Unit>
		<Unit filename="/home/jorge/Taller/micromachines/src/3rd-party/Box2D/Box2D/Dynamics/Contacts/b2ContactSolver.cpp">
			<Option target="Box2D"/>
		</Unit>
		<Unit filename="/home/jorge/Taller/micromachines/src/3rd-party/Box2D/Box2D/Dynamics/Contacts/b2EdgeAndCircleContact.cpp">
			<Option target="Box2D"/>
		</Unit>
		<Unit filename="/home/jorge/Taller/micromachines/src/3rd-party/Box2D/Box2D/Dynamics/Contacts/b2EdgeAndPolygonContact.cpp">
			<Option target="Box2D"/>
		</Unit>
		<Unit filename="/home/jorge/Taller/micromachines/src/3rd-party/Box2D/Box2D/Dynamics/Contacts/b2PolygonAndCircleContact.cpp">
			<Option target="Box2D"/>
		</Unit>
		<Unit filename="/home/jorge/Taller/micromachines/src/3rd-party/Box2D/Box2D/Dynamics/Contacts/b2PolygonContact.cpp">
			<Option target="Box2D"/>
		</Unit>
		<Unit filename="/home/jorge/Taller/micromachines/src/3rd-party/Box2D/Box2D/Dynamics/Joints/b2DistanceJoint.cpp">
			<Option target="Box2D"/>
		</Unit>
		<Unit filename="/home/jorge/Taller/micromachines/src/3rd-party/Box2D/Box2D/Dynamics/Joints/b2FrictionJoint.cpp">
			<Option target="Box2D"/>
		</Unit>
		<Unit filename="/home/jorge/Taller/micromachines/src/3rd-party/Box2D/Box2D/Dynamics/Joints/b2GearJoint.cpp">
			<Option target="Box2D"/>
		</Unit>
		<Unit filename="/home/jorge/Taller/micromachines/src/3rd-party/Box2D/Box2D/Dynamics/Joints/b2Joint.cpp">
			<Option target="Box2D"/>
		</Unit>
		<Unit filename="/home/jorge/Taller/micromachines/src/3rd-party/Box2D/Box2D/Dynamics/Joints/b2MotorJoint.cpp">
			<Option target="Box2D"/>
		</Unit>
		<Unit filename="/home/jorge/Taller/micromachines/src/3rd-party/Box2D/Box2D/Dynamics/Joints/b2MouseJoint.cpp">
			<Option target="Box2D"/>
		</Unit>
		<Unit filename="/home/jorge/Taller/micromachines/src/3rd-party/Box2D/Box2D/Dynamics/Joints/b2PrismaticJoint.cpp">
			<Option target="Box2D"/>
		</Unit>
		<Unit filename="/home/jorge/Taller/micromachines/src/3rd-party/Box2D/Box2D/Dynamics/Joints/b2PulleyJoint.cpp">
			<Option target="Box2D"/>
		</Unit>
		<Unit filename="/home/jorge/Taller/micromachines/src/3rd-party/Box2D/Box2D/Dynamics/Joints/b2RevoluteJoint.cpp">
			<Option target="Box2D"/>
		</Unit>
		<Unit filename="/home/jorge/Taller/micromachines/src/3rd-party/Box2D/Box2D/Dynamics/Joints/b2RopeJoint.cpp">
			<Option target="Box2D"/>
		</Unit>
		<Unit filename="/home/jorge/Taller/micromachines/src/3rd-party/Box2D/Box2D/Dynamics/Joints/b2WeldJoint.cpp">
			<Option target="Box2D"/>
		</Unit>
		<Unit filename="/home/jorge/Taller/micromachines/src/3rd-party/Box2D/Box2D/Dynamics/Joints/b2WheelJoint.cpp">
			<Option target="Box2D"/>
		</Unit>
		<Unit filename="/home/jorge/Taller/micromachines/src/3rd-party/Box2D/Box2D/Dynamics/b2Body.cpp">
			<Option target="Box2D"/>
		</Unit>
		<Unit filename="/home/jorge/Taller/micromachines/src/3rd-party/Box2D/Box2D/Dynamics/b2ContactManager.cpp">
			<Option target="Box2D"/>
		</Unit>
		<Unit filename="/home/jorge/Taller/micromachines/src/3rd-party/Box2D/Box2D/Dynamics/b2Fixture.cpp">
			<Option target="Box2D"/>
		</Unit>
		<Unit filename="/home/jorge/Taller/micromachines/src/3rd-party/Box2D/Box2D/Dynamics/b2Island.cpp">
			<Option target="Box2D"/>
		</Unit>
		<Unit filename="/home/jorge/Taller/micromachines/src/3rd-party/Box2D/Box2D/Dynamics/b2World.cpp">
			<Option target="Box2D"/>
		</Unit>
		<Unit filename="/home/jorge/Taller/micromachines/src/3rd-party/Box2D/Box2D/Dynamics/b2WorldCallbacks.cpp">
			<Option target="Box2D"/>
		</Unit>
		<Unit filename="/home/jorge/Taller/micromachines/src/3rd-party/Box2D/Box2D/Rope/b2Rope.cpp">
			<Option target="Box2D"/>
		</Unit>
		<Unit filename="/home/jorge/Taller/micromachines/src/3rd-party/lua/lua/LuaInterprete.cpp">
			<Option target="lua_interprete"/>
		</Unit>
		<Unit filename="/home/jorge/Taller/micromachines/src/cliente/Cliente.cpp">
			<Option target="ClienteCMake"/>
		</Unit>
		<Unit filename="/home/jorge/Taller/micromachines/src/cliente/GUI/Animacion.cpp">
			<Option target="ClienteCMake"/>
		</Unit>
		<Unit filename="/home/jorge/Taller/micromachines/src/cliente/GUI/AnimacionFactory.cpp">
			<Option target="ClienteCMake"/>
		</Unit>
		<Unit filename="/home/jorge/Taller/micromachines/src/cliente/GUI/Area.cpp">
			<Option target="ClienteCMake"/>
		</Unit>
		<Unit filename="/home/jorge/Taller/micromachines/src/cliente/GUI/Boton.cpp">
			<Option target="ClienteCMake"/>
		</Unit>
		<Unit filename="/home/jorge/Taller/micromachines/src/cliente/GUI/Camara.cpp">
			<Option target="ClienteCMake"/>
		</Unit>
		<Unit filename="/home/jorge/Taller/micromachines/src/cliente/GUI/HiloDibujador.cpp">
			<Option target="ClienteCMake"/>
		</Unit>
		<Unit filename="/home/jorge/Taller/micromachines/src/cliente/GUI/ObjetoDinamico.cpp">
			<Option target="ClienteCMake"/>
		</Unit>
		<Unit filename="/home/jorge/Taller/micromachines/src/cliente/GUI/Pista.cpp">
			<Option target="ClienteCMake"/>
		</Unit>
		<Unit filename="/home/jorge/Taller/micromachines/src/cliente/GUI/Renderizador.cpp">
			<Option target="ClienteCMake"/>
		</Unit>
		<Unit filename="/home/jorge/Taller/micromachines/src/cliente/GUI/Sonido.cpp">
			<Option target="ClienteCMake"/>
		</Unit>
		<Unit filename="/home/jorge/Taller/micromachines/src/cliente/GUI/Texto.cpp">
			<Option target="ClienteCMake"/>
		</Unit>
		<Unit filename="/home/jorge/Taller/micromachines/src/cliente/GUI/Textura.cpp">
			<Option target="ClienteCMake"/>
		</Unit>
		<Unit filename="/home/jorge/Taller/micromachines/src/cliente/GUI/Ventana.cpp">
			<Option target="ClienteCMake"/>
		</Unit>
		<Unit filename="/home/jorge/Taller/micromachines/src/cliente/GUI/escenas/Escena.cpp">
			<Option target="ClienteCMake"/>
		</Unit>
		<Unit filename="/home/jorge/Taller/micromachines/src/cliente/GUI/escenas/EscenaLobby.cpp">
			<Option target="ClienteCMake"/>
		</Unit>
		<Unit filename="/home/jorge/Taller/micromachines/src/cliente/GUI/escenas/EscenaMenu.cpp">
			<Option target="ClienteCMake"/>
		</Unit>
		<Unit filename="/home/jorge/Taller/micromachines/src/cliente/GUI/escenas/EscenaPartida.cpp">
			<Option target="ClienteCMake"/>
		</Unit>
		<Unit filename="/home/jorge/Taller/micromachines/src/cliente/GUI/escenas/EscenaPodio.cpp">
			<Option target="ClienteCMake"/>
		</Unit>
		<Unit filename="/home/jorge/Taller/micromachines/src/cliente/GUI/escenas/EscenaSala.cpp">
			<Option target="ClienteCMake"/>
		</Unit>
		<Unit filename="/home/jorge/Taller/micromachines/src/cliente/GUI/eventos/EventoGUIClick.cpp">
			<Option target="ClienteCMake"/>
		</Unit>
		<Unit filename="/home/jorge/Taller/micromachines/src/cliente/GUI/eventos/EventoGUIKeyDown.cpp">
			<Option target="ClienteCMake"/>
		</Unit>
		<Unit filename="/home/jorge/Taller/micromachines/src/cliente/GUI/eventos/EventoGUIKeyUp.cpp">
			<Option target="ClienteCMake"/>
		</Unit>
		<Unit filename="/home/jorge/Taller/micromachines/src/cliente/excepciones/SDLException.cpp">
			<Option target="ClienteCMake"/>
		</Unit>
		<Unit filename="/home/jorge/Taller/micromachines/src/cliente/grabador/HiloGrabador.cpp">
			<Option target="ClienteCMake"/>
		</Unit>
		<Unit filename="/home/jorge/Taller/micromachines/src/cliente/grabador/ffmpeg/codec.cpp">
			<Option target="ClienteCMake"/>
		</Unit>
		<Unit filename="/home/jorge/Taller/micromachines/src/cliente/grabador/ffmpeg/frame.cpp">
			<Option target="ClienteCMake"/>
		</Unit>
		<Unit filename="/home/jorge/Taller/micromachines/src/cliente/grabador/ffmpeg/output_format.cpp">
			<Option target="ClienteCMake"/>
		</Unit>
		<Unit filename="/home/jorge/Taller/micromachines/src/cliente/grabador/ffmpeg/output_stream.cpp">
			<Option target="ClienteCMake"/>
		</Unit>
		<Unit filename="/home/jorge/Taller/micromachines/src/cliente/grabador/ffmpeg/output_video.cpp">
			<Option target="ClienteCMake"/>
		</Unit>
		<Unit filename="/home/jorge/Taller/micromachines/src/cliente/grabador/ffmpeg/video_codec.cpp">
			<Option target="ClienteCMake"/>
		</Unit>
		<Unit filename="/home/jorge/Taller/micromachines/src/cliente/jugadores/Computadora.cpp">
			<Option target="ClienteCMake"/>
		</Unit>
		<Unit filename="/home/jorge/Taller/micromachines/src/cliente/jugadores/Jugador.cpp">
			<Option target="ClienteCMake"/>
		</Unit>
		<Unit filename="/home/jorge/Taller/micromachines/src/cliente/main_cliente.cpp">
			<Option target="Cliente"/>
		</Unit>
		<Unit filename="/home/jorge/Taller/micromachines/src/cliente/red/SocketTCPCliente.cpp">
			<Option target="ClienteCMake"/>
		</Unit>
		<Unit filename="/home/jorge/Taller/micromachines/src/cliente/utils/ConfigCliente.cpp">
			<Option target="ClienteCMake"/>
		</Unit>
		<Unit filename="/home/jorge/Taller/micromachines/src/common/Conversor.cpp">
			<Option target="ServidorCMake"/>
			<Option target="ClienteCMake"/>
		</Unit>
		<Unit filename="/home/jorge/Taller/micromachines/src/common/Cronometro.cpp">
			<Option target="ServidorCMake"/>
			<Option target="ClienteCMake"/>
		</Unit>
		<Unit filename="/home/jorge/Taller/micromachines/src/common/EnviadorEventos.cpp">
			<Option target="ServidorCMake"/>
			<Option target="ClienteCMake"/>
		</Unit>
		<Unit filename="/home/jorge/Taller/micromachines/src/common/Handler.cpp">
			<Option target="ServidorCMake"/>
			<Option target="ClienteCMake"/>
		</Unit>
		<Unit filename="/home/jorge/Taller/micromachines/src/common/Hilo.cpp">
			<Option target="ServidorCMake"/>
			<Option target="ClienteCMake"/>
		</Unit>
		<Unit filename="/home/jorge/Taller/micromachines/src/common/RecibidorEventos.cpp">
			<Option target="ServidorCMake"/>
			<Option target="ClienteCMake"/>
		</Unit>
		<Unit filename="/home/jorge/Taller/micromachines/src/common/Tile.cpp">
			<Option target="ServidorCMake"/>
		</Unit>
		<Unit filename="/home/jorge/Taller/micromachines/src/common/eventos/Evento.cpp">
			<Option target="ServidorCMake"/>
			<Option target="ClienteCMake"/>
		</Unit>
		<Unit filename="/home/jorge/Taller/micromachines/src/common/eventos/EventoAcelerar.cpp">
			<Option target="ServidorCMake"/>
			<Option target="ClienteCMake"/>
		</Unit>
		<Unit filename="/home/jorge/Taller/micromachines/src/common/eventos/EventoAparecioConsumible.cpp">
			<Option target="ServidorCMake"/>
			<Option target="ClienteCMake"/>
		</Unit>
		<Unit filename="/home/jorge/Taller/micromachines/src/common/eventos/EventoBarroPisado.cpp">
			<Option target="ServidorCMake"/>
			<Option target="ClienteCMake"/>
		</Unit>
		<Unit filename="/home/jorge/Taller/micromachines/src/common/eventos/EventoChoque.cpp">
			<Option target="ServidorCMake"/>
			<Option target="ClienteCMake"/>
		</Unit>
		<Unit filename="/home/jorge/Taller/micromachines/src/common/eventos/EventoCrearPartida.cpp">
			<Option target="ServidorCMake"/>
			<Option target="ClienteCMake"/>
		</Unit>
		<Unit filename="/home/jorge/Taller/micromachines/src/common/eventos/EventoDejarDeDoblarDerecha.cpp">
			<Option target="ServidorCMake"/>
			<Option target="ClienteCMake"/>
		</Unit>
		<Unit filename="/home/jorge/Taller/micromachines/src/common/eventos/EventoDejarDeDoblarIzquierda.cpp">
			<Option target="ServidorCMake"/>
			<Option target="ClienteCMake"/>
		</Unit>
		<Unit filename="/home/jorge/Taller/micromachines/src/common/eventos/EventoDejarDeFrenar.cpp">
			<Option target="ServidorCMake"/>
			<Option target="ClienteCMake"/>
		</Unit>
		<Unit filename="/home/jorge/Taller/micromachines/src/common/eventos/EventoDesacelerar.cpp">
			<Option target="ServidorCMake"/>
			<Option target="ClienteCMake"/>
		</Unit>
		<Unit filename="/home/jorge/Taller/micromachines/src/common/eventos/EventoDesaparecioConsumible.cpp">
			<Option target="ServidorCMake"/>
			<Option target="ClienteCMake"/>
		</Unit>
		<Unit filename="/home/jorge/Taller/micromachines/src/common/eventos/EventoDesconexion.cpp">
			<Option target="ServidorCMake"/>
			<Option target="ClienteCMake"/>
		</Unit>
		<Unit filename="/home/jorge/Taller/micromachines/src/common/eventos/EventoDoblarDerecha.cpp">
			<Option target="ServidorCMake"/>
			<Option target="ClienteCMake"/>
		</Unit>
		<Unit filename="/home/jorge/Taller/micromachines/src/common/eventos/EventoDoblarIzquierda.cpp">
			<Option target="ServidorCMake"/>
			<Option target="ClienteCMake"/>
		</Unit>
		<Unit filename="/home/jorge/Taller/micromachines/src/common/eventos/EventoExplosion.cpp">
			<Option target="ServidorCMake"/>
			<Option target="ClienteCMake"/>
		</Unit>
		<Unit filename="/home/jorge/Taller/micromachines/src/common/eventos/EventoFactory.cpp">
			<Option target="ServidorCMake"/>
			<Option target="ClienteCMake"/>
		</Unit>
		<Unit filename="/home/jorge/Taller/micromachines/src/common/eventos/EventoFinBarro.cpp">
			<Option target="ServidorCMake"/>
			<Option target="ClienteCMake"/>
		</Unit>
		<Unit filename="/home/jorge/Taller/micromachines/src/common/eventos/EventoFinCarrera.cpp">
			<Option target="ServidorCMake"/>
			<Option target="ClienteCMake"/>
		</Unit>
		<Unit filename="/home/jorge/Taller/micromachines/src/common/eventos/EventoFrenada.cpp">
			<Option target="ServidorCMake"/>
			<Option target="ClienteCMake"/>
		</Unit>
		<Unit filename="/home/jorge/Taller/micromachines/src/common/eventos/EventoFrenar.cpp">
			<Option target="ServidorCMake"/>
			<Option target="ClienteCMake"/>
		</Unit>
		<Unit filename="/home/jorge/Taller/micromachines/src/common/eventos/EventoIniciarPartida.cpp">
			<Option target="ServidorCMake"/>
			<Option target="ClienteCMake"/>
		</Unit>
		<Unit filename="/home/jorge/Taller/micromachines/src/common/eventos/EventoPartidaCreada.cpp">
			<Option target="ServidorCMake"/>
			<Option target="ClienteCMake"/>
		</Unit>
		<Unit filename="/home/jorge/Taller/micromachines/src/common/eventos/EventoPartidaIniciada.cpp">
			<Option target="ServidorCMake"/>
			<Option target="ClienteCMake"/>
		</Unit>
		<Unit filename="/home/jorge/Taller/micromachines/src/common/eventos/EventoSnapshot.cpp">
			<Option target="ServidorCMake"/>
			<Option target="ClienteCMake"/>
		</Unit>
		<Unit filename="/home/jorge/Taller/micromachines/src/common/eventos/EventoSnapshotLobby.cpp">
			<Option target="ServidorCMake"/>
			<Option target="ClienteCMake"/>
		</Unit>
		<Unit filename="/home/jorge/Taller/micromachines/src/common/eventos/EventoSnapshotSala.cpp">
			<Option target="ServidorCMake"/>
			<Option target="ClienteCMake"/>
		</Unit>
		<Unit filename="/home/jorge/Taller/micromachines/src/common/eventos/EventoUnirseAPartida.cpp">
			<Option target="ServidorCMake"/>
			<Option target="ClienteCMake"/>
		</Unit>
		<Unit filename="/home/jorge/Taller/micromachines/src/common/eventos/EventoUnirseASala.cpp">
			<Option target="ServidorCMake"/>
			<Option target="ClienteCMake"/>
		</Unit>
		<Unit filename="/home/jorge/Taller/micromachines/src/common/excepciones/EventoDesconocidoError.cpp">
			<Option target="ServidorCMake"/>
			<Option target="ClienteCMake"/>
		</Unit>
		<Unit filename="/home/jorge/Taller/micromachines/src/common/red/Protocolo.cpp">
			<Option target="ServidorCMake"/>
			<Option target="ClienteCMake"/>
		</Unit>
		<Unit filename="/home/jorge/Taller/micromachines/src/common/red/SocketTCP.cpp">
			<Option target="ServidorCMake"/>
			<Option target="ClienteCMake"/>
		</Unit>
		<Unit filename="/home/jorge/Taller/micromachines/src/servidor/CoordinadorPartidas.cpp">
			<Option target="ServidorCMake"/>
		</Unit>
		<Unit filename="/home/jorge/Taller/micromachines/src/servidor/DistribuidorEventos.cpp">
			<Option target="ServidorCMake"/>
		</Unit>
		<Unit filename="/home/jorge/Taller/micromachines/src/servidor/HiloAceptador.cpp">
			<Option target="ServidorCMake"/>
		</Unit>
		<Unit filename="/home/jorge/Taller/micromachines/src/servidor/Jugador.cpp">
			<Option target="ServidorCMake"/>
		</Unit>
		<Unit filename="/home/jorge/Taller/micromachines/src/servidor/Partida.cpp">
			<Option target="ServidorCMake"/>
		</Unit>
		<Unit filename="/home/jorge/Taller/micromachines/src/servidor/SalaDeEspera.cpp">
			<Option target="ServidorCMake"/>
		</Unit>
		<Unit filename="/home/jorge/Taller/micromachines/src/servidor/Servidor.cpp">
			<Option target="ServidorCMake"/>
		</Unit>
		<Unit filename="/home/jorge/Taller/micromachines/src/servidor/main_servidor.cpp">
			<Option target="Servidor"/>
		</Unit>
		<Unit filename="/home/jorge/Taller/micromachines/src/servidor/modelo/Colisionable.cpp">
			<Option target="ServidorCMake"/>
		</Unit>
		<Unit filename="/home/jorge/Taller/micromachines/src/servidor/modelo/Identificable.cpp">
			<Option target="ServidorCMake"/>
		</Unit>
		<Unit filename="/home/jorge/Taller/micromachines/src/servidor/modelo/Mundo.cpp">
			<Option target="ServidorCMake"/>
		</Unit>
		<Unit filename="/home/jorge/Taller/micromachines/src/servidor/modelo/entidades/Aceite.cpp">
			<Option target="ServidorCMake"/>
		</Unit>
		<Unit filename="/home/jorge/Taller/micromachines/src/servidor/modelo/entidades/Barro.cpp">
			<Option target="ServidorCMake"/>
		</Unit>
		<Unit filename="/home/jorge/Taller/micromachines/src/servidor/modelo/entidades/Boost.cpp">
			<Option target="ServidorCMake"/>
		</Unit>
		<Unit filename="/home/jorge/Taller/micromachines/src/servidor/modelo/entidades/CajaVida.cpp">
			<Option target="ServidorCMake"/>
		</Unit>
		<Unit filename="/home/jorge/Taller/micromachines/src/servidor/modelo/entidades/Modificador.cpp">
			<Option target="ServidorCMake"/>
		</Unit>
		<Unit filename="/home/jorge/Taller/micromachines/src/servidor/modelo/entidades/Piedra.cpp">
			<Option target="ServidorCMake"/>
		</Unit>
		<Unit filename="/home/jorge/Taller/micromachines/src/servidor/modelo/entidades/Vehiculo.cpp">
			<Option target="ServidorCMake"/>
		</Unit>
		<Unit filename="/home/jorge/Taller/micromachines/src/servidor/modelo/entidades/carrera/Carrera.cpp">
			<Option target="ServidorCMake"/>
		</Unit>
		<Unit filename="/home/jorge/Taller/micromachines/src/servidor/modelo/entidades/carrera/Checkpoint.cpp">
			<Option target="ServidorCMake"/>
		</Unit>
		<Unit filename="/home/jorge/Taller/micromachines/src/servidor/modelo/fisicas/B2DVehiculo.cpp">
			<Option target="ServidorCMake"/>
		</Unit>
		<Unit filename="/home/jorge/Taller/micromachines/src/servidor/modelo/fisicas/ContactListener.cpp">
			<Option target="ServidorCMake"/>
		</Unit>
		<Unit filename="/home/jorge/Taller/micromachines/src/servidor/modelo/fisicas/Fisicas.cpp">
			<Option target="ServidorCMake"/>
		</Unit>
		<Unit filename="/home/jorge/Taller/micromachines/src/servidor/modelo/fisicas/transformaciones/Quitar.cpp">
			<Option target="ServidorCMake"/>
		</Unit>
		<Unit filename="/home/jorge/Taller/micromachines/src/servidor/modelo/fisicas/transformaciones/Reubicar.cpp">
			<Option target="ServidorCMake"/>
		</Unit>
		<Unit filename="/home/jorge/Taller/micromachines/src/servidor/modelo/fisicas/transformaciones/Transformacion.cpp">
			<Option target="ServidorCMake"/>
		</Unit>
		<Unit filename="/home/jorge/Taller/micromachines/src/servidor/modelo/movimiento/Posicion.cpp">
			<Option target="ServidorCMake"/>
		</Unit>
		<Unit filename="/home/jorge/Taller/micromachines/src/servidor/modelo/superficies/Superficie.cpp">
			<Option target="ServidorCMake"/>
		</Unit>
		<Unit filename="/home/jorge/Taller/micromachines/src/servidor/modelo/superficies/SuperficieArena.cpp">
			<Option target="ServidorCMake"/>
		</Unit>
		<Unit filename="/home/jorge/Taller/micromachines/src/servidor/modelo/superficies/SuperficieFactory.cpp">
			<Option target="ServidorCMake"/>
		</Unit>
		<Unit filename="/home/jorge/Taller/micromachines/src/servidor/modelo/superficies/SuperficiePista.cpp">
			<Option target="ServidorCMake"/>
		</Unit>
		<Unit filename="/home/jorge/Taller/micromachines/src/servidor/modelo/superficies/SuperficieTierra.cpp">
			<Option target="ServidorCMake"/>
		</Unit>
		<Unit filename="/home/jorge/Taller/micromachines/src/servidor/red/SocketTCPServidor.cpp">
			<Option target="ServidorCMake"/>
		</Unit>
		<Unit filename="/home/jorge/Taller/micromachines/src/servidor/utils/ConfigServidor.cpp">
			<Option target="ServidorCMake"/>
		</Unit>
		<Unit filename="/home/jorge/Taller/micromachines/CMakeLists.txt">
			<Option virtualFolder="CMake Files\"/>
		</Unit>
		<Unit filename="/home/jorge/Taller/micromachines/src/CMakeLists.txt">
			<Option virtualFolder="CMake Files\src\"/>
		</Unit>
		<Unit filename="/home/jorge/Taller/micromachines/src/3rd-party/Box2D/CMakeLists.txt">
			<Option virtualFolder="CMake Files\src\3rd-party\Box2D\"/>
		</Unit>
		<Unit filename="/home/jorge/Taller/micromachines/src/3rd-party/lua/CMakeLists.txt">
			<Option virtualFolder="CMake Files\src\3rd-party\lua\"/>
		</Unit>
		<Unit filename="/home/jorge/Taller/micromachines/src/cliente/CMakeLists.txt">
			<Option virtualFolder="CMake Files\src\cliente\"/>
		</Unit>
		<Unit filename="/home/jorge/Taller/micromachines/src/servidor/CMakeLists.txt">
			<Option virtualFolder="CMake Files\src\servidor\"/>
		</Unit>
	</Project>
</CodeBlocks_project_file>
