<?xml version="1.0" encoding="UTF-8"?>
<CodeBlocks_project_file>
	<FileVersion major="1" minor="6"/>
	<Project>
		<Option title="ClienteCMake"/>
		<Option makefile_is_custom="1"/>
		<Option compiler="gcc"/>
		<Option virtualFolders="CMake Files\;CMake Files\src\;CMake Files\src\3rd-party\;CMake Files\src\3rd-party\Box2D\;CMake Files\src\3rd-party\lua\;CMake Files\src\cliente\;CMake Files\src\servidor\;"/>
		<Build>
			<Target title="all">
				<Option working_dir="/home/jorge/Taller/micromachines/src/cliente"/>
				<Option type="4"/>
				<MakeCommands>
					<Build command="/usr/bin/make -f &quot;/home/jorge/Taller/micromachines/src/cliente/Makefile&quot;  VERBOSE=1 all"/>
					<CompileFile command="/usr/bin/make -f &quot;/home/jorge/Taller/micromachines/src/cliente/Makefile&quot;  VERBOSE=1 &quot;$file&quot;"/>
					<Clean command="/usr/bin/make -f &quot;/home/jorge/Taller/micromachines/src/cliente/Makefile&quot;  VERBOSE=1 clean"/>
					<DistClean command="/usr/bin/make -f &quot;/home/jorge/Taller/micromachines/src/cliente/Makefile&quot;  VERBOSE=1 clean"/>
				</MakeCommands>
			</Target>
			<Target title="ClienteCMake">
				<Option output="/home/jorge/Taller/micromachines/src/cliente/libClienteCMake.a" prefix_auto="0" extension_auto="0"/>
				<Option working_dir="/home/jorge/Taller/micromachines/src/cliente"/>
				<Option object_output="./"/>
				<Option type="2"/>
				<Option compiler="gcc"/>
				<Compiler>
					<Add directory="/home/jorge/Taller/micromachines/includes/servidor"/>
					<Add directory="/usr/include/lua5.3"/>
					<Add directory="/home/jorge/Taller/micromachines"/>
					<Add directory="/home/jorge/Taller/micromachines/includes/3rd-party"/>
				</Compiler>
				<MakeCommands>
					<Build command="/usr/bin/make -f &quot;/home/jorge/Taller/micromachines/src/cliente/Makefile&quot;  VERBOSE=1 ClienteCMake"/>
					<CompileFile command="/usr/bin/make -f &quot;/home/jorge/Taller/micromachines/src/cliente/Makefile&quot;  VERBOSE=1 &quot;$file&quot;"/>
					<Clean command="/usr/bin/make -f &quot;/home/jorge/Taller/micromachines/src/cliente/Makefile&quot;  VERBOSE=1 clean"/>
					<DistClean command="/usr/bin/make -f &quot;/home/jorge/Taller/micromachines/src/cliente/Makefile&quot;  VERBOSE=1 clean"/>
				</MakeCommands>
			</Target>
			<Target title="ClienteCMake/fast">
				<Option output="/home/jorge/Taller/micromachines/src/cliente/libClienteCMake.a" prefix_auto="0" extension_auto="0"/>
				<Option working_dir="/home/jorge/Taller/micromachines/src/cliente"/>
				<Option object_output="./"/>
				<Option type="2"/>
				<Option compiler="gcc"/>
				<Compiler>
					<Add directory="/home/jorge/Taller/micromachines/includes/servidor"/>
					<Add directory="/usr/include/lua5.3"/>
					<Add directory="/home/jorge/Taller/micromachines"/>
					<Add directory="/home/jorge/Taller/micromachines/includes/3rd-party"/>
				</Compiler>
				<MakeCommands>
					<Build command="/usr/bin/make -f &quot;/home/jorge/Taller/micromachines/src/cliente/Makefile&quot;  VERBOSE=1 ClienteCMake/fast"/>
					<CompileFile command="/usr/bin/make -f &quot;/home/jorge/Taller/micromachines/src/cliente/Makefile&quot;  VERBOSE=1 &quot;$file&quot;"/>
					<Clean command="/usr/bin/make -f &quot;/home/jorge/Taller/micromachines/src/cliente/Makefile&quot;  VERBOSE=1 clean"/>
					<DistClean command="/usr/bin/make -f &quot;/home/jorge/Taller/micromachines/src/cliente/Makefile&quot;  VERBOSE=1 clean"/>
				</MakeCommands>
			</Target>
		</Build>
		<Unit filename="/home/jorge/Taller/micromachines/src/cliente/Cliente.cpp">
			<Option target="ClienteCMake"/>
		</Unit>
		<Unit filename="/home/jorge/Taller/micromachines/src/cliente/GUI/Animacion.cpp">
			<Option target="ClienteCMake"/>
		</Unit>
		<Unit filename="/home/jorge/Taller/micromachines/src/cliente/GUI/AnimacionFactory.cpp">
			<Option target="ClienteCMake"/>
		</Unit>
		<Unit filename="/home/jorge/Taller/micromachines/src/cliente/GUI/Area.cpp">
			<Option target="ClienteCMake"/>
		</Unit>
		<Unit filename="/home/jorge/Taller/micromachines/src/cliente/GUI/Boton.cpp">
			<Option target="ClienteCMake"/>
		</Unit>
		<Unit filename="/home/jorge/Taller/micromachines/src/cliente/GUI/Camara.cpp">
			<Option target="ClienteCMake"/>
		</Unit>
		<Unit filename="/home/jorge/Taller/micromachines/src/cliente/GUI/HiloDibujador.cpp">
			<Option target="ClienteCMake"/>
		</Unit>
		<Unit filename="/home/jorge/Taller/micromachines/src/cliente/GUI/ObjetoDinamico.cpp">
			<Option target="ClienteCMake"/>
		</Unit>
		<Unit filename="/home/jorge/Taller/micromachines/src/cliente/GUI/Pista.cpp">
			<Option target="ClienteCMake"/>
		</Unit>
		<Unit filename="/home/jorge/Taller/micromachines/src/cliente/GUI/Renderizador.cpp">
			<Option target="ClienteCMake"/>
		</Unit>
		<Unit filename="/home/jorge/Taller/micromachines/src/cliente/GUI/Sonido.cpp">
			<Option target="ClienteCMake"/>
		</Unit>
		<Unit filename="/home/jorge/Taller/micromachines/src/cliente/GUI/Texto.cpp">
			<Option target="ClienteCMake"/>
		</Unit>
		<Unit filename="/home/jorge/Taller/micromachines/src/cliente/GUI/Textura.cpp">
			<Option target="ClienteCMake"/>
		</Unit>
		<Unit filename="/home/jorge/Taller/micromachines/src/cliente/GUI/Ventana.cpp">
			<Option target="ClienteCMake"/>
		</Unit>
		<Unit filename="/home/jorge/Taller/micromachines/src/cliente/GUI/escenas/Escena.cpp">
			<Option target="ClienteCMake"/>
		</Unit>
		<Unit filename="/home/jorge/Taller/micromachines/src/cliente/GUI/escenas/EscenaLobby.cpp">
			<Option target="ClienteCMake"/>
		</Unit>
		<Unit filename="/home/jorge/Taller/micromachines/src/cliente/GUI/escenas/EscenaMenu.cpp">
			<Option target="ClienteCMake"/>
		</Unit>
		<Unit filename="/home/jorge/Taller/micromachines/src/cliente/GUI/escenas/EscenaPartida.cpp">
			<Option target="ClienteCMake"/>
		</Unit>
		<Unit filename="/home/jorge/Taller/micromachines/src/cliente/GUI/escenas/EscenaPodio.cpp">
			<Option target="ClienteCMake"/>
		</Unit>
		<Unit filename="/home/jorge/Taller/micromachines/src/cliente/GUI/escenas/EscenaSala.cpp">
			<Option target="ClienteCMake"/>
		</Unit>
		<Unit filename="/home/jorge/Taller/micromachines/src/cliente/GUI/eventos/EventoGUIClick.cpp">
			<Option target="ClienteCMake"/>
		</Unit>
		<Unit filename="/home/jorge/Taller/micromachines/src/cliente/GUI/eventos/EventoGUIKeyDown.cpp">
			<Option target="ClienteCMake"/>
		</Unit>
		<Unit filename="/home/jorge/Taller/micromachines/src/cliente/GUI/eventos/EventoGUIKeyUp.cpp">
			<Option target="ClienteCMake"/>
		</Unit>
		<Unit filename="/home/jorge/Taller/micromachines/src/cliente/excepciones/SDLException.cpp">
			<Option target="ClienteCMake"/>
		</Unit>
		<Unit filename="/home/jorge/Taller/micromachines/src/cliente/grabador/HiloGrabador.cpp">
			<Option target="ClienteCMake"/>
		</Unit>
		<Unit filename="/home/jorge/Taller/micromachines/src/cliente/grabador/ffmpeg/codec.cpp">
			<Option target="ClienteCMake"/>
		</Unit>
		<Unit filename="/home/jorge/Taller/micromachines/src/cliente/grabador/ffmpeg/frame.cpp">
			<Option target="ClienteCMake"/>
		</Unit>
		<Unit filename="/home/jorge/Taller/micromachines/src/cliente/grabador/ffmpeg/output_format.cpp">
			<Option target="ClienteCMake"/>
		</Unit>
		<Unit filename="/home/jorge/Taller/micromachines/src/cliente/grabador/ffmpeg/output_stream.cpp">
			<Option target="ClienteCMake"/>
		</Unit>
		<Unit filename="/home/jorge/Taller/micromachines/src/cliente/grabador/ffmpeg/output_video.cpp">
			<Option target="ClienteCMake"/>
		</Unit>
		<Unit filename="/home/jorge/Taller/micromachines/src/cliente/grabador/ffmpeg/video_codec.cpp">
			<Option target="ClienteCMake"/>
		</Unit>
		<Unit filename="/home/jorge/Taller/micromachines/src/cliente/jugadores/Computadora.cpp">
			<Option target="ClienteCMake"/>
		</Unit>
		<Unit filename="/home/jorge/Taller/micromachines/src/cliente/jugadores/Jugador.cpp">
			<Option target="ClienteCMake"/>
		</Unit>
		<Unit filename="/home/jorge/Taller/micromachines/src/cliente/red/SocketTCPCliente.cpp">
			<Option target="ClienteCMake"/>
		</Unit>
		<Unit filename="/home/jorge/Taller/micromachines/src/cliente/utils/ConfigCliente.cpp">
			<Option target="ClienteCMake"/>
		</Unit>
		<Unit filename="/home/jorge/Taller/micromachines/src/common/Conversor.cpp">
			<Option target="ClienteCMake"/>
		</Unit>
		<Unit filename="/home/jorge/Taller/micromachines/src/common/Cronometro.cpp">
			<Option target="ClienteCMake"/>
		</Unit>
		<Unit filename="/home/jorge/Taller/micromachines/src/common/EnviadorEventos.cpp">
			<Option target="ClienteCMake"/>
		</Unit>
		<Unit filename="/home/jorge/Taller/micromachines/src/common/Handler.cpp">
			<Option target="ClienteCMake"/>
		</Unit>
		<Unit filename="/home/jorge/Taller/micromachines/src/common/Hilo.cpp">
			<Option target="ClienteCMake"/>
		</Unit>
		<Unit filename="/home/jorge/Taller/micromachines/src/common/RecibidorEventos.cpp">
			<Option target="ClienteCMake"/>
		</Unit>
		<Unit filename="/home/jorge/Taller/micromachines/src/common/eventos/Evento.cpp">
			<Option target="ClienteCMake"/>
		</Unit>
		<Unit filename="/home/jorge/Taller/micromachines/src/common/eventos/EventoAcelerar.cpp">
			<Option target="ClienteCMake"/>
		</Unit>
		<Unit filename="/home/jorge/Taller/micromachines/src/common/eventos/EventoAparecioConsumible.cpp">
			<Option target="ClienteCMake"/>
		</Unit>
		<Unit filename="/home/jorge/Taller/micromachines/src/common/eventos/EventoBarroPisado.cpp">
			<Option target="ClienteCMake"/>
		</Unit>
		<Unit filename="/home/jorge/Taller/micromachines/src/common/eventos/EventoChoque.cpp">
			<Option target="ClienteCMake"/>
		</Unit>
		<Unit filename="/home/jorge/Taller/micromachines/src/common/eventos/EventoCrearPartida.cpp">
			<Option target="ClienteCMake"/>
		</Unit>
		<Unit filename="/home/jorge/Taller/micromachines/src/common/eventos/EventoDejarDeDoblarDerecha.cpp">
			<Option target="ClienteCMake"/>
		</Unit>
		<Unit filename="/home/jorge/Taller/micromachines/src/common/eventos/EventoDejarDeDoblarIzquierda.cpp">
			<Option target="ClienteCMake"/>
		</Unit>
		<Unit filename="/home/jorge/Taller/micromachines/src/common/eventos/EventoDejarDeFrenar.cpp">
			<Option target="ClienteCMake"/>
		</Unit>
		<Unit filename="/home/jorge/Taller/micromachines/src/common/eventos/EventoDesacelerar.cpp">
			<Option target="ClienteCMake"/>
		</Unit>
		<Unit filename="/home/jorge/Taller/micromachines/src/common/eventos/EventoDesaparecioConsumible.cpp">
			<Option target="ClienteCMake"/>
		</Unit>
		<Unit filename="/home/jorge/Taller/micromachines/src/common/eventos/EventoDesconexion.cpp">
			<Option target="ClienteCMake"/>
		</Unit>
		<Unit filename="/home/jorge/Taller/micromachines/src/common/eventos/EventoDoblarDerecha.cpp">
			<Option target="ClienteCMake"/>
		</Unit>
		<Unit filename="/home/jorge/Taller/micromachines/src/common/eventos/EventoDoblarIzquierda.cpp">
			<Option target="ClienteCMake"/>
		</Unit>
		<Unit filename="/home/jorge/Taller/micromachines/src/common/eventos/EventoExplosion.cpp">
			<Option target="ClienteCMake"/>
		</Unit>
		<Unit filename="/home/jorge/Taller/micromachines/src/common/eventos/EventoFactory.cpp">
			<Option target="ClienteCMake"/>
		</Unit>
		<Unit filename="/home/jorge/Taller/micromachines/src/common/eventos/EventoFinBarro.cpp">
			<Option target="ClienteCMake"/>
		</Unit>
		<Unit filename="/home/jorge/Taller/micromachines/src/common/eventos/EventoFinCarrera.cpp">
			<Option target="ClienteCMake"/>
		</Unit>
		<Unit filename="/home/jorge/Taller/micromachines/src/common/eventos/EventoFrenada.cpp">
			<Option target="ClienteCMake"/>
		</Unit>
		<Unit filename="/home/jorge/Taller/micromachines/src/common/eventos/EventoFrenar.cpp">
			<Option target="ClienteCMake"/>
		</Unit>
		<Unit filename="/home/jorge/Taller/micromachines/src/common/eventos/EventoIniciarPartida.cpp">
			<Option target="ClienteCMake"/>
		</Unit>
		<Unit filename="/home/jorge/Taller/micromachines/src/common/eventos/EventoPartidaCreada.cpp">
			<Option target="ClienteCMake"/>
		</Unit>
		<Unit filename="/home/jorge/Taller/micromachines/src/common/eventos/EventoPartidaIniciada.cpp">
			<Option target="ClienteCMake"/>
		</Unit>
		<Unit filename="/home/jorge/Taller/micromachines/src/common/eventos/EventoSnapshot.cpp">
			<Option target="ClienteCMake"/>
		</Unit>
		<Unit filename="/home/jorge/Taller/micromachines/src/common/eventos/EventoSnapshotLobby.cpp">
			<Option target="ClienteCMake"/>
		</Unit>
		<Unit filename="/home/jorge/Taller/micromachines/src/common/eventos/EventoSnapshotSala.cpp">
			<Option target="ClienteCMake"/>
		</Unit>
		<Unit filename="/home/jorge/Taller/micromachines/src/common/eventos/EventoUnirseAPartida.cpp">
			<Option target="ClienteCMake"/>
		</Unit>
		<Unit filename="/home/jorge/Taller/micromachines/src/common/eventos/EventoUnirseASala.cpp">
			<Option target="ClienteCMake"/>
		</Unit>
		<Unit filename="/home/jorge/Taller/micromachines/src/common/excepciones/EventoDesconocidoError.cpp">
			<Option target="ClienteCMake"/>
		</Unit>
		<Unit filename="/home/jorge/Taller/micromachines/src/common/red/Protocolo.cpp">
			<Option target="ClienteCMake"/>
		</Unit>
		<Unit filename="/home/jorge/Taller/micromachines/src/common/red/SocketTCP.cpp">
			<Option target="ClienteCMake"/>
		</Unit>
		<Unit filename="/home/jorge/Taller/micromachines/CMakeLists.txt">
			<Option virtualFolder="CMake Files\"/>
		</Unit>
		<Unit filename="/home/jorge/Taller/micromachines/src/CMakeLists.txt">
			<Option virtualFolder="CMake Files\src\"/>
		</Unit>
		<Unit filename="/home/jorge/Taller/micromachines/src/3rd-party/Box2D/CMakeLists.txt">
			<Option virtualFolder="CMake Files\src\3rd-party\Box2D\"/>
		</Unit>
		<Unit filename="/home/jorge/Taller/micromachines/src/3rd-party/lua/CMakeLists.txt">
			<Option virtualFolder="CMake Files\src\3rd-party\lua\"/>
		</Unit>
		<Unit filename="/home/jorge/Taller/micromachines/src/cliente/CMakeLists.txt">
			<Option virtualFolder="CMake Files\src\cliente\"/>
		</Unit>
		<Unit filename="/home/jorge/Taller/micromachines/src/servidor/CMakeLists.txt">
			<Option virtualFolder="CMake Files\src\servidor\"/>
		</Unit>
	</Project>
</CodeBlocks_project_file>
