<?xml version="1.0" encoding="UTF-8"?>
<CodeBlocks_project_file>
	<FileVersion major="1" minor="6"/>
	<Project>
		<Option title="ServidorCMake"/>
		<Option makefile_is_custom="1"/>
		<Option compiler="gcc"/>
		<Option virtualFolders="CMake Files\;CMake Files\src\;CMake Files\src\3rd-party\;CMake Files\src\3rd-party\Box2D\;CMake Files\src\3rd-party\lua\;CMake Files\src\cliente\;CMake Files\src\servidor\;"/>
		<Build>
			<Target title="all">
				<Option working_dir="/home/jorge/Taller/micromachines/src/servidor"/>
				<Option type="4"/>
				<MakeCommands>
					<Build command="/usr/bin/make -f &quot;/home/jorge/Taller/micromachines/src/servidor/Makefile&quot;  VERBOSE=1 all"/>
					<CompileFile command="/usr/bin/make -f &quot;/home/jorge/Taller/micromachines/src/servidor/Makefile&quot;  VERBOSE=1 &quot;$file&quot;"/>
					<Clean command="/usr/bin/make -f &quot;/home/jorge/Taller/micromachines/src/servidor/Makefile&quot;  VERBOSE=1 clean"/>
					<DistClean command="/usr/bin/make -f &quot;/home/jorge/Taller/micromachines/src/servidor/Makefile&quot;  VERBOSE=1 clean"/>
				</MakeCommands>
			</Target>
			<Target title="ServidorCMake">
				<Option output="/home/jorge/Taller/micromachines/src/servidor/libServidorCMake.a" prefix_auto="0" extension_auto="0"/>
				<Option working_dir="/home/jorge/Taller/micromachines/src/servidor"/>
				<Option object_output="./"/>
				<Option type="2"/>
				<Option compiler="gcc"/>
				<Compiler>
					<Add directory="/home/jorge/Taller/micromachines/includes/servidor"/>
					<Add directory="/usr/include/lua5.3"/>
					<Add directory="/home/jorge/Taller/micromachines"/>
					<Add directory="/home/jorge/Taller/micromachines/includes/3rd-party"/>
				</Compiler>
				<MakeCommands>
					<Build command="/usr/bin/make -f &quot;/home/jorge/Taller/micromachines/src/servidor/Makefile&quot;  VERBOSE=1 ServidorCMake"/>
					<CompileFile command="/usr/bin/make -f &quot;/home/jorge/Taller/micromachines/src/servidor/Makefile&quot;  VERBOSE=1 &quot;$file&quot;"/>
					<Clean command="/usr/bin/make -f &quot;/home/jorge/Taller/micromachines/src/servidor/Makefile&quot;  VERBOSE=1 clean"/>
					<DistClean command="/usr/bin/make -f &quot;/home/jorge/Taller/micromachines/src/servidor/Makefile&quot;  VERBOSE=1 clean"/>
				</MakeCommands>
			</Target>
			<Target title="ServidorCMake/fast">
				<Option output="/home/jorge/Taller/micromachines/src/servidor/libServidorCMake.a" prefix_auto="0" extension_auto="0"/>
				<Option working_dir="/home/jorge/Taller/micromachines/src/servidor"/>
				<Option object_output="./"/>
				<Option type="2"/>
				<Option compiler="gcc"/>
				<Compiler>
					<Add directory="/home/jorge/Taller/micromachines/includes/servidor"/>
					<Add directory="/usr/include/lua5.3"/>
					<Add directory="/home/jorge/Taller/micromachines"/>
					<Add directory="/home/jorge/Taller/micromachines/includes/3rd-party"/>
				</Compiler>
				<MakeCommands>
					<Build command="/usr/bin/make -f &quot;/home/jorge/Taller/micromachines/src/servidor/Makefile&quot;  VERBOSE=1 ServidorCMake/fast"/>
					<CompileFile command="/usr/bin/make -f &quot;/home/jorge/Taller/micromachines/src/servidor/Makefile&quot;  VERBOSE=1 &quot;$file&quot;"/>
					<Clean command="/usr/bin/make -f &quot;/home/jorge/Taller/micromachines/src/servidor/Makefile&quot;  VERBOSE=1 clean"/>
					<DistClean command="/usr/bin/make -f &quot;/home/jorge/Taller/micromachines/src/servidor/Makefile&quot;  VERBOSE=1 clean"/>
				</MakeCommands>
			</Target>
		</Build>
		<Unit filename="/home/jorge/Taller/micromachines/src/common/Conversor.cpp">
			<Option target="ServidorCMake"/>
		</Unit>
		<Unit filename="/home/jorge/Taller/micromachines/src/common/Cronometro.cpp">
			<Option target="ServidorCMake"/>
		</Unit>
		<Unit filename="/home/jorge/Taller/micromachines/src/common/EnviadorEventos.cpp">
			<Option target="ServidorCMake"/>
		</Unit>
		<Unit filename="/home/jorge/Taller/micromachines/src/common/Handler.cpp">
			<Option target="ServidorCMake"/>
		</Unit>
		<Unit filename="/home/jorge/Taller/micromachines/src/common/Hilo.cpp">
			<Option target="ServidorCMake"/>
		</Unit>
		<Unit filename="/home/jorge/Taller/micromachines/src/common/RecibidorEventos.cpp">
			<Option target="ServidorCMake"/>
		</Unit>
		<Unit filename="/home/jorge/Taller/micromachines/src/common/Tile.cpp">
			<Option target="ServidorCMake"/>
		</Unit>
		<Unit filename="/home/jorge/Taller/micromachines/src/common/eventos/Evento.cpp">
			<Option target="ServidorCMake"/>
		</Unit>
		<Unit filename="/home/jorge/Taller/micromachines/src/common/eventos/EventoAcelerar.cpp">
			<Option target="ServidorCMake"/>
		</Unit>
		<Unit filename="/home/jorge/Taller/micromachines/src/common/eventos/EventoAparecioConsumible.cpp">
			<Option target="ServidorCMake"/>
		</Unit>
		<Unit filename="/home/jorge/Taller/micromachines/src/common/eventos/EventoBarroPisado.cpp">
			<Option target="ServidorCMake"/>
		</Unit>
		<Unit filename="/home/jorge/Taller/micromachines/src/common/eventos/EventoChoque.cpp">
			<Option target="ServidorCMake"/>
		</Unit>
		<Unit filename="/home/jorge/Taller/micromachines/src/common/eventos/EventoCrearPartida.cpp">
			<Option target="ServidorCMake"/>
		</Unit>
		<Unit filename="/home/jorge/Taller/micromachines/src/common/eventos/EventoDejarDeDoblarDerecha.cpp">
			<Option target="ServidorCMake"/>
		</Unit>
		<Unit filename="/home/jorge/Taller/micromachines/src/common/eventos/EventoDejarDeDoblarIzquierda.cpp">
			<Option target="ServidorCMake"/>
		</Unit>
		<Unit filename="/home/jorge/Taller/micromachines/src/common/eventos/EventoDejarDeFrenar.cpp">
			<Option target="ServidorCMake"/>
		</Unit>
		<Unit filename="/home/jorge/Taller/micromachines/src/common/eventos/EventoDesacelerar.cpp">
			<Option target="ServidorCMake"/>
		</Unit>
		<Unit filename="/home/jorge/Taller/micromachines/src/common/eventos/EventoDesaparecioConsumible.cpp">
			<Option target="ServidorCMake"/>
		</Unit>
		<Unit filename="/home/jorge/Taller/micromachines/src/common/eventos/EventoDesconexion.cpp">
			<Option target="ServidorCMake"/>
		</Unit>
		<Unit filename="/home/jorge/Taller/micromachines/src/common/eventos/EventoDoblarDerecha.cpp">
			<Option target="ServidorCMake"/>
		</Unit>
		<Unit filename="/home/jorge/Taller/micromachines/src/common/eventos/EventoDoblarIzquierda.cpp">
			<Option target="ServidorCMake"/>
		</Unit>
		<Unit filename="/home/jorge/Taller/micromachines/src/common/eventos/EventoExplosion.cpp">
			<Option target="ServidorCMake"/>
		</Unit>
		<Unit filename="/home/jorge/Taller/micromachines/src/common/eventos/EventoFactory.cpp">
			<Option target="ServidorCMake"/>
		</Unit>
		<Unit filename="/home/jorge/Taller/micromachines/src/common/eventos/EventoFinBarro.cpp">
			<Option target="ServidorCMake"/>
		</Unit>
		<Unit filename="/home/jorge/Taller/micromachines/src/common/eventos/EventoFinCarrera.cpp">
			<Option target="ServidorCMake"/>
		</Unit>
		<Unit filename="/home/jorge/Taller/micromachines/src/common/eventos/EventoFrenada.cpp">
			<Option target="ServidorCMake"/>
		</Unit>
		<Unit filename="/home/jorge/Taller/micromachines/src/common/eventos/EventoFrenar.cpp">
			<Option target="ServidorCMake"/>
		</Unit>
		<Unit filename="/home/jorge/Taller/micromachines/src/common/eventos/EventoIniciarPartida.cpp">
			<Option target="ServidorCMake"/>
		</Unit>
		<Unit filename="/home/jorge/Taller/micromachines/src/common/eventos/EventoPartidaCreada.cpp">
			<Option target="ServidorCMake"/>
		</Unit>
		<Unit filename="/home/jorge/Taller/micromachines/src/common/eventos/EventoPartidaIniciada.cpp">
			<Option target="ServidorCMake"/>
		</Unit>
		<Unit filename="/home/jorge/Taller/micromachines/src/common/eventos/EventoSnapshot.cpp">
			<Option target="ServidorCMake"/>
		</Unit>
		<Unit filename="/home/jorge/Taller/micromachines/src/common/eventos/EventoSnapshotLobby.cpp">
			<Option target="ServidorCMake"/>
		</Unit>
		<Unit filename="/home/jorge/Taller/micromachines/src/common/eventos/EventoSnapshotSala.cpp">
			<Option target="ServidorCMake"/>
		</Unit>
		<Unit filename="/home/jorge/Taller/micromachines/src/common/eventos/EventoUnirseAPartida.cpp">
			<Option target="ServidorCMake"/>
		</Unit>
		<Unit filename="/home/jorge/Taller/micromachines/src/common/eventos/EventoUnirseASala.cpp">
			<Option target="ServidorCMake"/>
		</Unit>
		<Unit filename="/home/jorge/Taller/micromachines/src/common/excepciones/EventoDesconocidoError.cpp">
			<Option target="ServidorCMake"/>
		</Unit>
		<Unit filename="/home/jorge/Taller/micromachines/src/common/red/Protocolo.cpp">
			<Option target="ServidorCMake"/>
		</Unit>
		<Unit filename="/home/jorge/Taller/micromachines/src/common/red/SocketTCP.cpp">
			<Option target="ServidorCMake"/>
		</Unit>
		<Unit filename="/home/jorge/Taller/micromachines/src/servidor/CoordinadorPartidas.cpp">
			<Option target="ServidorCMake"/>
		</Unit>
		<Unit filename="/home/jorge/Taller/micromachines/src/servidor/DistribuidorEventos.cpp">
			<Option target="ServidorCMake"/>
		</Unit>
		<Unit filename="/home/jorge/Taller/micromachines/src/servidor/HiloAceptador.cpp">
			<Option target="ServidorCMake"/>
		</Unit>
		<Unit filename="/home/jorge/Taller/micromachines/src/servidor/Jugador.cpp">
			<Option target="ServidorCMake"/>
		</Unit>
		<Unit filename="/home/jorge/Taller/micromachines/src/servidor/Partida.cpp">
			<Option target="ServidorCMake"/>
		</Unit>
		<Unit filename="/home/jorge/Taller/micromachines/src/servidor/SalaDeEspera.cpp">
			<Option target="ServidorCMake"/>
		</Unit>
		<Unit filename="/home/jorge/Taller/micromachines/src/servidor/Servidor.cpp">
			<Option target="ServidorCMake"/>
		</Unit>
		<Unit filename="/home/jorge/Taller/micromachines/src/servidor/modelo/Colisionable.cpp">
			<Option target="ServidorCMake"/>
		</Unit>
		<Unit filename="/home/jorge/Taller/micromachines/src/servidor/modelo/Identificable.cpp">
			<Option target="ServidorCMake"/>
		</Unit>
		<Unit filename="/home/jorge/Taller/micromachines/src/servidor/modelo/Mundo.cpp">
			<Option target="ServidorCMake"/>
		</Unit>
		<Unit filename="/home/jorge/Taller/micromachines/src/servidor/modelo/entidades/Aceite.cpp">
			<Option target="ServidorCMake"/>
		</Unit>
		<Unit filename="/home/jorge/Taller/micromachines/src/servidor/modelo/entidades/Barro.cpp">
			<Option target="ServidorCMake"/>
		</Unit>
		<Unit filename="/home/jorge/Taller/micromachines/src/servidor/modelo/entidades/Boost.cpp">
			<Option target="ServidorCMake"/>
		</Unit>
		<Unit filename="/home/jorge/Taller/micromachines/src/servidor/modelo/entidades/CajaVida.cpp">
			<Option target="ServidorCMake"/>
		</Unit>
		<Unit filename="/home/jorge/Taller/micromachines/src/servidor/modelo/entidades/Modificador.cpp">
			<Option target="ServidorCMake"/>
		</Unit>
		<Unit filename="/home/jorge/Taller/micromachines/src/servidor/modelo/entidades/Piedra.cpp">
			<Option target="ServidorCMake"/>
		</Unit>
		<Unit filename="/home/jorge/Taller/micromachines/src/servidor/modelo/entidades/Vehiculo.cpp">
			<Option target="ServidorCMake"/>
		</Unit>
		<Unit filename="/home/jorge/Taller/micromachines/src/servidor/modelo/entidades/carrera/Carrera.cpp">
			<Option target="ServidorCMake"/>
		</Unit>
		<Unit filename="/home/jorge/Taller/micromachines/src/servidor/modelo/entidades/carrera/Checkpoint.cpp">
			<Option target="ServidorCMake"/>
		</Unit>
		<Unit filename="/home/jorge/Taller/micromachines/src/servidor/modelo/fisicas/B2DVehiculo.cpp">
			<Option target="ServidorCMake"/>
		</Unit>
		<Unit filename="/home/jorge/Taller/micromachines/src/servidor/modelo/fisicas/ContactListener.cpp">
			<Option target="ServidorCMake"/>
		</Unit>
		<Unit filename="/home/jorge/Taller/micromachines/src/servidor/modelo/fisicas/Fisicas.cpp">
			<Option target="ServidorCMake"/>
		</Unit>
		<Unit filename="/home/jorge/Taller/micromachines/src/servidor/modelo/fisicas/transformaciones/Quitar.cpp">
			<Option target="ServidorCMake"/>
		</Unit>
		<Unit filename="/home/jorge/Taller/micromachines/src/servidor/modelo/fisicas/transformaciones/Reubicar.cpp">
			<Option target="ServidorCMake"/>
		</Unit>
		<Unit filename="/home/jorge/Taller/micromachines/src/servidor/modelo/fisicas/transformaciones/Transformacion.cpp">
			<Option target="ServidorCMake"/>
		</Unit>
		<Unit filename="/home/jorge/Taller/micromachines/src/servidor/modelo/movimiento/Posicion.cpp">
			<Option target="ServidorCMake"/>
		</Unit>
		<Unit filename="/home/jorge/Taller/micromachines/src/servidor/modelo/superficies/Superficie.cpp">
			<Option target="ServidorCMake"/>
		</Unit>
		<Unit filename="/home/jorge/Taller/micromachines/src/servidor/modelo/superficies/SuperficieArena.cpp">
			<Option target="ServidorCMake"/>
		</Unit>
		<Unit filename="/home/jorge/Taller/micromachines/src/servidor/modelo/superficies/SuperficieFactory.cpp">
			<Option target="ServidorCMake"/>
		</Unit>
		<Unit filename="/home/jorge/Taller/micromachines/src/servidor/modelo/superficies/SuperficiePista.cpp">
			<Option target="ServidorCMake"/>
		</Unit>
		<Unit filename="/home/jorge/Taller/micromachines/src/servidor/modelo/superficies/SuperficieTierra.cpp">
			<Option target="ServidorCMake"/>
		</Unit>
		<Unit filename="/home/jorge/Taller/micromachines/src/servidor/red/SocketTCPServidor.cpp">
			<Option target="ServidorCMake"/>
		</Unit>
		<Unit filename="/home/jorge/Taller/micromachines/src/servidor/utils/ConfigServidor.cpp">
			<Option target="ServidorCMake"/>
		</Unit>
		<Unit filename="/home/jorge/Taller/micromachines/CMakeLists.txt">
			<Option virtualFolder="CMake Files\"/>
		</Unit>
		<Unit filename="/home/jorge/Taller/micromachines/src/CMakeLists.txt">
			<Option virtualFolder="CMake Files\src\"/>
		</Unit>
		<Unit filename="/home/jorge/Taller/micromachines/src/3rd-party/Box2D/CMakeLists.txt">
			<Option virtualFolder="CMake Files\src\3rd-party\Box2D\"/>
		</Unit>
		<Unit filename="/home/jorge/Taller/micromachines/src/3rd-party/lua/CMakeLists.txt">
			<Option virtualFolder="CMake Files\src\3rd-party\lua\"/>
		</Unit>
		<Unit filename="/home/jorge/Taller/micromachines/src/cliente/CMakeLists.txt">
			<Option virtualFolder="CMake Files\src\cliente\"/>
		</Unit>
		<Unit filename="/home/jorge/Taller/micromachines/src/servidor/CMakeLists.txt">
			<Option virtualFolder="CMake Files\src\servidor\"/>
		</Unit>
	</Project>
</CodeBlocks_project_file>
